
Microsoft Visual Studio Solution File, Format Version 12.00
# Visual Studio Version 17
VisualStudioVersion = 17.1.32414.318
MinimumVisualStudioVersion = 10.0.40219.1
Project("{9A19103F-16F7-4668-BE54-9A1E7A4F7556}") = "EdoansQualityOfLife", "EdoansQualityOfLife.csproj", "{ACCAFC8F-416A-49C2-89CC-0160AD1B2890}"
EndProject
Global
	GlobalSection(SolutionConfigurationPlatforms) = preSolution
		Debug|Any CPU = Debug|Any CPU
		Release|Any CPU = Release|Any CPU
	EndGlobalSection
	GlobalSection(ProjectConfigurationPlatforms) = postSolution
		{ACCAFC8F-416A-49C2-89CC-0160AD1B2890}.Debug|Any CPU.ActiveCfg = Debug|Any CPU
		{ACCAFC8F-416A-49C2-89CC-0160AD1B2890}.Debug|Any CPU.Build.0 = Debug|Any CPU
		{ACCAFC8F-416A-49C2-89CC-0160AD1B2890}.Release|Any CPU.ActiveCfg = Release|Any CPU
		{ACCAFC8F-416A-49C2-89CC-0160AD1B2890}.Release|Any CPU.Build.0 = Release|Any CPU
	EndGlobalSection
	GlobalSection(SolutionProperties) = preSolution
		HideSolutionNode = FALSE
	EndGlobalSection
	GlobalSection(ExtensibilityGlobals) = postSolution
		SolutionGuid = {F0781D6B-8243-4277-8129-F00D13C65078}
	EndGlobalSection
EndGlobal
